
Microsoft Visual Studio Solution File, Format Version 12.00
# Visual Studio Version 17
VisualStudioVersion = 17.9.34902.65
MinimumVisualStudioVersion = 10.0.40219.1
Project("{FAE04EC0-301F-11D3-BF4B-00C04F79EFBC}") = "BattleSystem", "BattleSystem\BattleSystem.csproj", "{4000A9FE-6919-4D68-80C1-14DA382F43BF}"
EndProject
Global
	GlobalSection(SolutionConfigurationPlatforms) = preSolution
		Debug|Any CPU = Debug|Any CPU
		Release|Any CPU = Release|Any CPU
	EndGlobalSection
	GlobalSection(ProjectConfigurationPlatforms) = postSolution
		{4000A9FE-6919-4D68-80C1-14DA382F43BF}.Debug|Any CPU.ActiveCfg = Debug|Any CPU
		{4000A9FE-6919-4D68-80C1-14DA382F43BF}.Debug|Any CPU.Build.0 = Debug|Any CPU
		{4000A9FE-6919-4D68-80C1-14DA382F43BF}.Release|Any CPU.ActiveCfg = Release|Any CPU
		{4000A9FE-6919-4D68-80C1-14DA382F43BF}.Release|Any CPU.Build.0 = Release|Any CPU
	EndGlobalSection
	GlobalSection(SolutionProperties) = preSolution
		HideSolutionNode = FALSE
	EndGlobalSection
	GlobalSection(ExtensibilityGlobals) = postSolution
		SolutionGuid = {A5B2821F-E215-484D-A5F6-34CFB3761755}
	EndGlobalSection
EndGlobal
